
Microsoft Visual Studio Solution File, Format Version 12.00
# Visual Studio Version 16
VisualStudioVersion = 16.0.31205.134
MinimumVisualStudioVersion = 10.0.40219.1
Project("{FAE04EC0-301F-11D3-BF4B-00C04F79EFBC}") = "ModbusProject", "ModbusProject\ModbusProject.csproj", "{CA5375B5-44F7-4AED-92E0-5F03DA3C2680}"
EndProject
Global
	GlobalSection(SolutionConfigurationPlatforms) = preSolution
		Debug|Any CPU = Debug|Any CPU
		Release|Any CPU = Release|Any CPU
	EndGlobalSection
	GlobalSection(ProjectConfigurationPlatforms) = postSolution
		{CA5375B5-44F7-4AED-92E0-5F03DA3C2680}.Debug|Any CPU.ActiveCfg = Debug|Any CPU
		{CA5375B5-44F7-4AED-92E0-5F03DA3C2680}.Debug|Any CPU.Build.0 = Debug|Any CPU
		{CA5375B5-44F7-4AED-92E0-5F03DA3C2680}.Release|Any CPU.ActiveCfg = Release|Any CPU
		{CA5375B5-44F7-4AED-92E0-5F03DA3C2680}.Release|Any CPU.Build.0 = Release|Any CPU
	EndGlobalSection
	GlobalSection(SolutionProperties) = preSolution
		HideSolutionNode = FALSE
	EndGlobalSection
	GlobalSection(ExtensibilityGlobals) = postSolution
		SolutionGuid = {0EC0DE81-6D25-4E09-9408-B229383E0848}
	EndGlobalSection
EndGlobal
